
Microsoft Visual Studio Solution File, Format Version 12.00
# Visual Studio Version 17
VisualStudioVersion = 17.3.32825.248
MinimumVisualStudioVersion = 10.0.40219.1
Project("{FAE04EC0-301F-11D3-BF4B-00C04F79EFBC}") = "assignment1", "assignment1\assignment1.csproj", "{3C7FFBB8-F353-4338-857C-5D9ACCCBE64F}"
EndProject
Global
	GlobalSection(SolutionConfigurationPlatforms) = preSolution
		Debug|Any CPU = Debug|Any CPU
		Release|Any CPU = Release|Any CPU
	EndGlobalSection
	GlobalSection(ProjectConfigurationPlatforms) = postSolution
		{3C7FFBB8-F353-4338-857C-5D9ACCCBE64F}.Debug|Any CPU.ActiveCfg = Debug|Any CPU
		{3C7FFBB8-F353-4338-857C-5D9ACCCBE64F}.Debug|Any CPU.Build.0 = Debug|Any CPU
		{3C7FFBB8-F353-4338-857C-5D9ACCCBE64F}.Release|Any CPU.ActiveCfg = Release|Any CPU
		{3C7FFBB8-F353-4338-857C-5D9ACCCBE64F}.Release|Any CPU.Build.0 = Release|Any CPU
	EndGlobalSection
	GlobalSection(SolutionProperties) = preSolution
		HideSolutionNode = FALSE
	EndGlobalSection
	GlobalSection(ExtensibilityGlobals) = postSolution
		SolutionGuid = {6BE50870-E2B4-46A6-B755-24B970EA32D0}
	EndGlobalSection
EndGlobal
